// !$*UTF8*$!
{
	archiveVersion = 1;
	classes = {
	};
	objectVersion = 48;
	objects = {

/* Begin PBXBuildFile section */
		8D34BAD9617BDB5C24E463A3 /* Pods_SampleLipsumApp.framework in Frameworks */ = {isa = PBXBuildFile; fileRef = 8195A3D26BE97707A5F053CC /* Pods_SampleLipsumApp.framework */; };
		A9C7DB8B2018B458009D1682 /* AppDelegate.swift in Sources */ = {isa = PBXBuildFile; fileRef = A9C7DB8A2018B458009D1682 /* AppDelegate.swift */; };
		A9C7DB8D2018B458009D1682 /* ViewController.swift in Sources */ = {isa = PBXBuildFile; fileRef = A9C7DB8C2018B458009D1682 /* ViewController.swift */; };
		A9C7DB902018B458009D1682 /* Main.storyboard in Resources */ = {isa = PBXBuildFile; fileRef = A9C7DB8E2018B458009D1682 /* Main.storyboard */; };
		A9C7DB922018B458009D1682 /* Assets.xcassets in Resources */ = {isa = PBXBuildFile; fileRef = A9C7DB912018B458009D1682 /* Assets.xcassets */; };
		A9C7DB952018B458009D1682 /* LaunchScreen.storyboard in Resources */ = {isa = PBXBuildFile; fileRef = A9C7DB932018B458009D1682 /* LaunchScreen.storyboard */; };
/* End PBXBuildFile section */

/* Begin PBXFileReference section */
		6A65B274D20BA77016609CDA /* Pods-SampleLipsumApp.release.xcconfig */ = {isa = PBXFileReference; includeInIndex = 1; lastKnownFileType = text.xcconfig; name = "Pods-SampleLipsumApp.release.xcconfig"; path = "Pods/Target Support Files/Pods-SampleLipsumApp/Pods-SampleLipsumApp.release.xcconfig"; sourceTree = "<group>"; };
		8195A3D26BE97707A5F053CC /* Pods_SampleLipsumApp.framework */ = {isa = PBXFileReference; explicitFileType = wrapper.framework; includeInIndex = 0; path = Pods_SampleLipsumApp.framework; sourceTree = BUILT_PRODUCTS_DIR; };
		995873758B5C02497C426E3E /* Pods-SampleLipsumApp.debug.xcconfig */ = {isa = PBXFileReference; includeInIndex = 1; lastKnownFileType = text.xcconfig; name = "Pods-SampleLipsumApp.debug.xcconfig"; path = "Pods/Target Support Files/Pods-SampleLipsumApp/Pods-SampleLipsumApp.debug.xcconfig"; sourceTree = "<group>"; };
		A9C7DB872018B458009D1682 /* SampleLipsumApp.app */ = {isa = PBXFileReference; explicitFileType = wrapper.application; includeInIndex = 0; path = SampleLipsumApp.app; sourceTree = BUILT_PRODUCTS_DIR; };
		A9C7DB8A2018B458009D1682 /* AppDelegate.swift */ = {isa = PBXFileReference; lastKnownFileType = sourcecode.swift; path = AppDelegate.swift; sourceTree = "<group>"; };
		A9C7DB8C2018B458009D1682 /* ViewController.swift */ = {isa = PBXFileReference; lastKnownFileType = sourcecode.swift; path = ViewController.swift; sourceTree = "<group>"; };
		A9C7DB8F2018B458009D1682 /* Base */ = {isa = PBXFileReference; lastKnownFileType = file.storyboard; name = Base; path = Base.lproj/Main.storyboard; sourceTree = "<group>"; };
		A9C7DB912018B458009D1682 /* Assets.xcassets */ = {isa = PBXFileReference; lastKnownFileType = folder.assetcatalog; path = Assets.xcassets; sourceTree = "<group>"; };
		A9C7DB942018B458009D1682 /* Base */ = {isa = PBXFileReference; lastKnownFileType = file.storyboard; name = Base; path = Base.lproj/LaunchScreen.storyboard; sourceTree = "<group>"; };
		A9C7DB962018B458009D1682 /* Info.plist */ = {isa = PBXFileReference; lastKnownFileType = text.plist.xml; path = Info.plist; sourceTree = "<group>"; };
/* End PBXFileReference section */

/* Begin PBXFrameworksBuildPhase section */
		A9C7DB842018B458009D1682 /* Frameworks */ = {
			isa = PBXFrameworksBuildPhase;
			buildActionMask = 2147483647;
			files = (
				8D34BAD9617BDB5C24E463A3 /* Pods_SampleLipsumApp.framework in Frameworks */,
			);
			runOnlyForDeploymentPostprocessing = 0;
		};
/* End PBXFrameworksBuildPhase section */

/* Begin PBXGroup section */
		237326516132175065F7DD2B /* Frameworks */ = {
			isa = PBXGroup;
			children = (
				8195A3D26BE97707A5F053CC /* Pods_SampleLipsumApp.framework */,
			);
			name = Frameworks;
			sourceTree = "<group>";
		};
		3BD9D685F280955C0F851A84 /* Pods */ = {
			isa = PBXGroup;
			children = (
				995873758B5C02497C426E3E /* Pods-SampleLipsumApp.debug.xcconfig */,
				6A65B274D20BA77016609CDA /* Pods-SampleLipsumApp.release.xcconfig */,
			);
			name = Pods;
			sourceTree = "<group>";
		};
		A9C7DB7E2018B458009D1682 = {
			isa = PBXGroup;
			children = (
				A9C7DB892018B458009D1682 /* SampleLipsumApp */,
				A9C7DB882018B458009D1682 /* Products */,
				3BD9D685F280955C0F851A84 /* Pods */,
				237326516132175065F7DD2B /* Frameworks */,
			);
			sourceTree = "<group>";
		};
		A9C7DB882018B458009D1682 /* Products */ = {
			isa = PBXGroup;
			children = (
				A9C7DB872018B458009D1682 /* SampleLipsumApp.app */,
			);
			name = Products;
			sourceTree = "<group>";
		};
		A9C7DB892018B458009D1682 /* SampleLipsumApp */ = {
			isa = PBXGroup;
			children = (
				A9C7DB8A2018B458009D1682 /* AppDelegate.swift */,
				A9C7DB8C2018B458009D1682 /* ViewController.swift */,
				A9C7DB8E2018B458009D1682 /* Main.storyboard */,
				A9C7DB912018B458009D1682 /* Assets.xcassets */,
				A9C7DB932018B458009D1682 /* LaunchScreen.storyboard */,
				A9C7DB962018B458009D1682 /* Info.plist */,
			);
			path = SampleLipsumApp;
			sourceTree = "<group>";
		};
/* End PBXGroup section */

/* Begin PBXNativeTarget section */
		A9C7DB862018B458009D1682 /* SampleLipsumApp */ = {
			isa = PBXNativeTarget;
			buildConfigurationList = A9C7DB992018B458009D1682 /* Build configuration list for PBXNativeTarget "SampleLipsumApp" */;
			buildPhases = (
				3FCBFC468AC4ED5E04274409 /* [CP] Check Pods Manifest.lock */,
				A9C7DB832018B458009D1682 /* Sources */,
				A9C7DB842018B458009D1682 /* Frameworks */,
				A9C7DB852018B458009D1682 /* Resources */,
				DE9756566AF54FF63987D6E1 /* [CP] Embed Pods Frameworks */,
				EAFC748AC37475D99E1D5552 /* [CP] Copy Pods Resources */,
			);
			buildRules = (
			);
			dependencies = (
			);
			name = SampleLipsumApp;
			productName = SampleLipsumApp;
			productReference = A9C7DB872018B458009D1682 /* SampleLipsumApp.app */;
			productType = "com.apple.product-type.application";
		};
/* End PBXNativeTarget section */

/* Begin PBXProject section */
		A9C7DB7F2018B458009D1682 /* Project object */ = {
			isa = PBXProject;
			attributes = {
				LastSwiftUpdateCheck = 0920;
				LastUpgradeCheck = 0920;
				ORGANIZATIONNAME = xrubio.com;
				TargetAttributes = {
					A9C7DB862018B458009D1682 = {
						CreatedOnToolsVersion = 9.2;
						ProvisioningStyle = Automatic;
					};
				};
			};
			buildConfigurationList = A9C7DB822018B458009D1682 /* Build configuration list for PBXProject "SampleLipsumApp" */;
			compatibilityVersion = "Xcode 8.0";
			developmentRegion = en;
			hasScannedForEncodings = 0;
			knownRegions = (
				en,
				Base,
			);
			mainGroup = A9C7DB7E2018B458009D1682;
			productRefGroup = A9C7DB882018B458009D1682 /* Products */;
			projectDirPath = "";
			projectRoot = "";
			targets = (
				A9C7DB862018B458009D1682 /* SampleLipsumApp */,
			);
		};
/* End PBXProject section */

/* Begin PBXResourcesBuildPhase section */
		A9C7DB852018B458009D1682 /* Resources */ = {
			isa = PBXResourcesBuildPhase;
			buildActionMask = 2147483647;
			files = (
				A9C7DB952018B458009D1682 /* LaunchScreen.storyboard in Resources */,
				A9C7DB922018B458009D1682 /* Assets.xcassets in Resources */,
				A9C7DB902018B458009D1682 /* Main.storyboard in Resources */,
			);
			runOnlyForDeploymentPostprocessing = 0;
		};
/* End PBXResourcesBuildPhase section */

/* Begin PBXShellScriptBuildPhase section */
		3FCBFC468AC4ED5E04274409 /* [CP] Check Pods Manifest.lock */ = {
			isa = PBXShellScriptBuildPhase;
			buildActionMask = 2147483647;
			files = (
			);
			inputPaths = (
				"${PODS_PODFILE_DIR_PATH}/Podfile.lock",
				"${PODS_ROOT}/Manifest.lock",
			);
			name = "[CP] Check Pods Manifest.lock";
			outputPaths = (
				"$(DERIVED_FILE_DIR)/Pods-SampleLipsumApp-checkManifestLockResult.txt",
			);
			runOnlyForDeploymentPostprocessing = 0;
			shellPath = /bin/sh;
			shellScript = "diff \"${PODS_PODFILE_DIR_PATH}/Podfile.lock\" \"${PODS_ROOT}/Manifest.lock\" > /dev/null\nif [ $? != 0 ] ; then\n    # print error to STDERR\n    echo \"error: The sandbox is not in sync with the Podfile.lock. Run 'pod install' or update your CocoaPods installation.\" >&2\n    exit 1\nfi\n# This output is used by Xcode 'outputs' to avoid re-running this script phase.\necho \"SUCCESS\" > \"${SCRIPT_OUTPUT_FILE_0}\"\n";
			showEnvVarsInLog = 0;
		};
		DE9756566AF54FF63987D6E1 /* [CP] Embed Pods Frameworks */ = {
			isa = PBXShellScriptBuildPhase;
			buildActionMask = 2147483647;
			files = (
			);
			inputPaths = (
				"${SRCROOT}/Pods/Target Support Files/Pods-SampleLipsumApp/Pods-SampleLipsumApp-frameworks.sh",
				"${BUILT_PRODUCTS_DIR}/Lipsum/Lipsum.framework",
			);
			name = "[CP] Embed Pods Frameworks";
			outputPaths = (
				"${TARGET_BUILD_DIR}/${FRAMEWORKS_FOLDER_PATH}/Lipsum.framework",
			);
			runOnlyForDeploymentPostprocessing = 0;
			shellPath = /bin/sh;
			shellScript = "\"${SRCROOT}/Pods/Target Support Files/Pods-SampleLipsumApp/Pods-SampleLipsumApp-frameworks.sh\"\n";
			showEnvVarsInLog = 0;
		};
		EAFC748AC37475D99E1D5552 /* [CP] Copy Pods Resources */ = {
			isa = PBXShellScriptBuildPhase;
			buildActionMask = 2147483647;
			files = (
			);
			inputPaths = (
			);
			name = "[CP] Copy Pods Resources";
			outputPaths = (
			);
			runOnlyForDeploymentPostprocessing = 0;
			shellPath = /bin/sh;
			shellScript = "\"${SRCROOT}/Pods/Target Support Files/Pods-SampleLipsumApp/Pods-SampleLipsumApp-resources.sh\"\n";
			showEnvVarsInLog = 0;
		};
/* End PBXShellScriptBuildPhase section */

/* Begin PBXSourcesBuildPhase section */
		A9C7DB832018B458009D1682 /* Sources */ = {
			isa = PBXSourcesBuildPhase;
			buildActionMask = 2147483647;
			files = (
				A9C7DB8D2018B458009D1682 /* ViewController.swift in Sources */,
				A9C7DB8B2018B458009D1682 /* AppDelegate.swift in Sources */,
			);
			runOnlyForDeploymentPostprocessing = 0;
		};
/* End PBXSourcesBuildPhase section */

/* Begin PBXVariantGroup section */
		A9C7DB8E2018B458009D1682 /* Main.storyboard */ = {
			isa = PBXVariantGroup;
			children = (
				A9C7DB8F2018B458009D1682 /* Base */,
			);
			name = Main.storyboard;
			sourceTree = "<group>";
		};
		A9C7DB932018B458009D1682 /* LaunchScreen.storyboard */ = {
			isa = PBXVariantGroup;
			children = (
				A9C7DB942018B458009D1682 /* Base */,
			);
			name = LaunchScreen.storyboard;
			sourceTree = "<group>";
		};
/* End PBXVariantGroup section */

/* Begin XCBuildConfiguration section */
		A9C7DB972018B458009D1682 /* Debug */ = {
			isa = XCBuildConfiguration;
			buildSettings = {
				ALWAYS_SEARCH_USER_PATHS = NO;
				CLANG_ANALYZER_NONNULL = YES;
				CLANG_ANALYZER_NUMBER_OBJECT_CONVERSION = YES_AGGRESSIVE;
				CLANG_CXX_LANGUAGE_STANDARD = "gnu++14";
				CLANG_CXX_LIBRARY = "libc++";
				CLANG_ENABLE_MODULES = YES;
				CLANG_ENABLE_OBJC_ARC = YES;
				CLANG_WARN_BLOCK_CAPTURE_AUTORELEASING = YES;
				CLANG_WARN_BOOL_CONVERSION = YES;
				CLANG_WARN_COMMA = YES;
				CLANG_WARN_CONSTANT_CONVERSION = YES;
				CLANG_WARN_DIRECT_OBJC_ISA_USAGE = YES_ERROR;
				CLANG_WARN_DOCUMENTATION_COMMENTS = YES;
				CLANG_WARN_EMPTY_BODY = YES;
				CLANG_WARN_ENUM_CONVERSION = YES;
				CLANG_WARN_INFINITE_RECURSION = YES;
				CLANG_WARN_INT_CONVERSION = YES;
				CLANG_WARN_NON_LITERAL_NULL_CONVERSION = YES;
				CLANG_WARN_OBJC_LITERAL_CONVERSION = YES;
				CLANG_WARN_OBJC_ROOT_CLASS = YES_ERROR;
				CLANG_WARN_RANGE_LOOP_ANALYSIS = YES;
				CLANG_WARN_STRICT_PROTOTYPES = YES;
				CLANG_WARN_SUSPICIOUS_MOVE = YES;
				CLANG_WARN_UNGUARDED_AVAILABILITY = YES_AGGRESSIVE;
				CLANG_WARN_UNREACHABLE_CODE = YES;
				CLANG_WARN__DUPLICATE_METHOD_MATCH = YES;
				CODE_SIGN_IDENTITY = "iPhone Developer";
				COPY_PHASE_STRIP = NO;
				DEBUG_INFORMATION_FORMAT = dwarf;
				ENABLE_STRICT_OBJC_MSGSEND = YES;
				ENABLE_TESTABILITY = YES;
				GCC_C_LANGUAGE_STANDARD = gnu11;
				GCC_DYNAMIC_NO_PIC = NO;
				GCC_NO_COMMON_BLOCKS = YES;
				GCC_OPTIMIZATION_LEVEL = 0;
				GCC_PREPROCESSOR_DEFINITIONS = (
					"DEBUG=1",
					"$(inherited)",
				);
				GCC_WARN_64_TO_32_BIT_CONVERSION = YES;
				GCC_WARN_ABOUT_RETURN_TYPE = YES_ERROR;
				GCC_WARN_UNDECLARED_SELECTOR = YES;
				GCC_WARN_UNINITIALIZED_AUTOS = YES_AGGRESSIVE;
				GCC_WARN_UNUSED_FUNCTION = YES;
				GCC_WARN_UNUSED_VARIABLE = YES;
				IPHONEOS_DEPLOYMENT_TARGET = 11.2;
				MTL_ENABLE_DEBUG_INFO = YES;
				ONLY_ACTIVE_ARCH = YES;
				SDKROOT = iphoneos;
				SWIFT_ACTIVE_COMPILATION_CONDITIONS = DEBUG;
				SWIFT_OPTIMIZATION_LEVEL = "-Onone";
			};
			name = Debug;
		};
		A9C7DB982018B458009D1682 /* Release */ = {
			isa = XCBuildConfiguration;
			buildSettings = {
				ALWAYS_SEARCH_USER_PATHS = NO;
				CLANG_ANALYZER_NONNULL = YES;
				CLANG_ANALYZER_NUMBER_OBJECT_CONVERSION = YES_AGGRESSIVE;
				CLANG_CXX_LANGUAGE_STANDARD = "gnu++14";
				CLANG_CXX_LIBRARY = "libc++";
				CLANG_ENABLE_MODULES = YES;
				CLANG_ENABLE_OBJC_ARC = YES;
				CLANG_WARN_BLOCK_CAPTURE_AUTORELEASING = YES;
				CLANG_WARN_BOOL_CONVERSION = YES;
				CLANG_WARN_COMMA = YES;
				CLANG_WARN_CONSTANT_CONVERSION = YES;
				CLANG_WARN_DIRECT_OBJC_ISA_USAGE = YES_ERROR;
				CLANG_WARN_DOCUMENTATION_COMMENTS = YES;
				CLANG_WARN_EMPTY_BODY = YES;
				CLANG_WARN_ENUM_CONVERSION = YES;
				CLANG_WARN_INFINITE_RECURSION = YES;
				CLANG_WARN_INT_CONVERSION = YES;
				CLANG_WARN_NON_LITERAL_NULL_CONVERSION = YES;
				CLANG_WARN_OBJC_LITERAL_CONVERSION = YES;
				CLANG_WARN_OBJC_ROOT_CLASS = YES_ERROR;
				CLANG_WARN_RANGE_LOOP_ANALYSIS = YES;
				CLANG_WARN_STRICT_PROTOTYPES = YES;
				CLANG_WARN_SUSPICIOUS_MOVE = YES;
				CLANG_WARN_UNGUARDED_AVAILABILITY = YES_AGGRESSIVE;
				CLANG_WARN_UNREACHABLE_CODE = YES;
				CLANG_WARN__DUPLICATE_METHOD_MATCH = YES;
				CODE_SIGN_IDENTITY = "iPhone Developer";
				COPY_PHASE_STRIP = NO;
				DEBUG_INFORMATION_FORMAT = "dwarf-with-dsym";
				ENABLE_NS_ASSERTIONS = NO;
				ENABLE_STRICT_OBJC_MSGSEND = YES;
				GCC_C_LANGUAGE_STANDARD = gnu11;
				GCC_NO_COMMON_BLOCKS = YES;
				GCC_WARN_64_TO_32_BIT_CONVERSION = YES;
				GCC_WARN_ABOUT_RETURN_TYPE = YES_ERROR;
				GCC_WARN_UNDECLARED_SELECTOR = YES;
				GCC_WARN_UNINITIALIZED_AUTOS = YES_AGGRESSIVE;
				GCC_WARN_UNUSED_FUNCTION = YES;
				GCC_WARN_UNUSED_VARIABLE = YES;
				IPHONEOS_DEPLOYMENT_TARGET = 11.2;
				MTL_ENABLE_DEBUG_INFO = NO;
				SDKROOT = iphoneos;
				SWIFT_OPTIMIZATION_LEVEL = "-Owholemodule";
				VALIDATE_PRODUCT = YES;
			};
			name = Release;
		};
		A9C7DB9A2018B458009D1682 /* Debug */ = {
			isa = XCBuildConfiguration;
			baseConfigurationReference = 995873758B5C02497C426E3E /* Pods-SampleLipsumApp.debug.xcconfig */;
			buildSettings = {
				ASSETCATALOG_COMPILER_APPICON_NAME = AppIcon;
				CODE_SIGN_STYLE = Automatic;
				INFOPLIST_FILE = SampleLipsumApp/Info.plist;
				LD_RUNPATH_SEARCH_PATHS = "$(inherited) @executable_path/Frameworks";
				PRODUCT_BUNDLE_IDENTIFIER = com.xrubio.SampleLipsumApp;
				PRODUCT_NAME = "$(TARGET_NAME)";
				SWIFT_VERSION = 4.0;
				TARGETED_DEVICE_FAMILY = "1,2";
			};
			name = Debug;
		};
		A9C7DB9B2018B458009D1682 /* Release */ = {
			isa = XCBuildConfiguration;
			baseConfigurationReference = 6A65B274D20BA77016609CDA /* Pods-SampleLipsumApp.release.xcconfig */;
			buildSettings = {
				ASSETCATALOG_COMPILER_APPICON_NAME = AppIcon;
				CODE_SIGN_STYLE = Automatic;
				INFOPLIST_FILE = SampleLipsumApp/Info.plist;
				LD_RUNPATH_SEARCH_PATHS = "$(inherited) @executable_path/Frameworks";
				PRODUCT_BUNDLE_IDENTIFIER = com.xrubio.SampleLipsumApp;
				PRODUCT_NAME = "$(TARGET_NAME)";
				SWIFT_VERSION = 4.0;
				TARGETED_DEVICE_FAMILY = "1,2";
			};
			name = Release;
		};
/* End XCBuildConfiguration section */

/* Begin XCConfigurationList section */
		A9C7DB822018B458009D1682 /* Build configuration list for PBXProject "SampleLipsumApp" */ = {
			isa = XCConfigurationList;
			buildConfigurations = (
				A9C7DB972018B458009D1682 /* Debug */,
				A9C7DB982018B458009D1682 /* Release */,
			);
			defaultConfigurationIsVisible = 0;
			defaultConfigurationName = Release;
		};
		A9C7DB992018B458009D1682 /* Build configuration list for PBXNativeTarget "SampleLipsumApp" */ = {
			isa = XCConfigurationList;
			buildConfigurations = (
				A9C7DB9A2018B458009D1682 /* Debug */,
				A9C7DB9B2018B458009D1682 /* Release */,
			);
			defaultConfigurationIsVisible = 0;
			defaultConfigurationName = Release;
		};
/* End XCConfigurationList section */
	};
	rootObject = A9C7DB7F2018B458009D1682 /* Project object */;
}
